// !$*UTF8*$!
{
	archiveVersion = 1;
	classes = {
	};
	objectVersion = 50;
	objects = {

/* Begin PBXBuildFile section */
		4D7BC60626BADE2000EC78C0 /* AppDelegate.swift in Sources */ = {isa = PBXBuildFile; fileRef = 4D7BC60526BADE2000EC78C0 /* AppDelegate.swift */; };
		4D7BC60826BADE2000EC78C0 /* SceneDelegate.swift in Sources */ = {isa = PBXBuildFile; fileRef = 4D7BC60726BADE2000EC78C0 /* SceneDelegate.swift */; };
		4D7BC60A26BADE2000EC78C0 /* PokemonView.swift in Sources */ = {isa = PBXBuildFile; fileRef = 4D7BC60926BADE2000EC78C0 /* PokemonView.swift */; };
		4D7BC60C26BADE2400EC78C0 /* Assets.xcassets in Resources */ = {isa = PBXBuildFile; fileRef = 4D7BC60B26BADE2400EC78C0 /* Assets.xcassets */; };
		4D7BC60F26BADE2400EC78C0 /* Preview Assets.xcassets in Resources */ = {isa = PBXBuildFile; fileRef = 4D7BC60E26BADE2400EC78C0 /* Preview Assets.xcassets */; };
		4D7BC61226BADE2400EC78C0 /* LaunchScreen.storyboard in Resources */ = {isa = PBXBuildFile; fileRef = 4D7BC61026BADE2400EC78C0 /* LaunchScreen.storyboard */; };
		4DD9405626BAEDD70082BE51 /* PokeStat.swift in Sources */ = {isa = PBXBuildFile; fileRef = 4DD9405526BAEDD70082BE51 /* PokeStat.swift */; };
		4DD9405A26BAF2E40082BE51 /* PokemonRow.swift in Sources */ = {isa = PBXBuildFile; fileRef = 4DD9405926BAF2E40082BE51 /* PokemonRow.swift */; };
		4DD9405D26BAF48D0082BE51 /* Pokemon.swift in Sources */ = {isa = PBXBuildFile; fileRef = 4DD9405C26BAF48D0082BE51 /* Pokemon.swift */; };
		4DD9406026BAF7F90082BE51 /* PokemonList.swift in Sources */ = {isa = PBXBuildFile; fileRef = 4DD9405F26BAF7F90082BE51 /* PokemonList.swift */; };
		4DD9406B26BC40680082BE51 /* WidgetKit.framework in Frameworks */ = {isa = PBXBuildFile; fileRef = 4DD9406A26BC40680082BE51 /* WidgetKit.framework */; };
		4DD9406D26BC40680082BE51 /* SwiftUI.framework in Frameworks */ = {isa = PBXBuildFile; fileRef = 4DD9406C26BC40680082BE51 /* SwiftUI.framework */; };
		4DD9407026BC40680082BE51 /* PokemonWidget.swift in Sources */ = {isa = PBXBuildFile; fileRef = 4DD9406F26BC40680082BE51 /* PokemonWidget.swift */; };
		4DD9407326BC406A0082BE51 /* Assets.xcassets in Resources */ = {isa = PBXBuildFile; fileRef = 4DD9407226BC406A0082BE51 /* Assets.xcassets */; };
		4DD9407526BC406A0082BE51 /* PokemonWidget.intentdefinition in Sources */ = {isa = PBXBuildFile; fileRef = 4DD9407126BC40680082BE51 /* PokemonWidget.intentdefinition */; };
		4DD9407626BC406A0082BE51 /* PokemonWidget.intentdefinition in Sources */ = {isa = PBXBuildFile; fileRef = 4DD9407126BC40680082BE51 /* PokemonWidget.intentdefinition */; };
		4DD9407926BC406A0082BE51 /* PokemonWidgetExtension.appex in Embed App Extensions */ = {isa = PBXBuildFile; fileRef = 4DD9406826BC40680082BE51 /* PokemonWidgetExtension.appex */; settings = {ATTRIBUTES = (RemoveHeadersOnCopy, ); }; };
		4DD9408226BC44F90082BE51 /* Pokemon.swift in Sources */ = {isa = PBXBuildFile; fileRef = 4DD9405C26BAF48D0082BE51 /* Pokemon.swift */; };
		4DD9408526BC48870082BE51 /* Assets.xcassets in Resources */ = {isa = PBXBuildFile; fileRef = 4D7BC60B26BADE2400EC78C0 /* Assets.xcassets */; };
		4DD9408F26BD8CE90082BE51 /* AppDelegate.swift in Sources */ = {isa = PBXBuildFile; fileRef = 4DD9408E26BD8CE90082BE51 /* AppDelegate.swift */; };
		4DD9409126BD8CE90082BE51 /* SceneDelegate.swift in Sources */ = {isa = PBXBuildFile; fileRef = 4DD9409026BD8CE90082BE51 /* SceneDelegate.swift */; };
		4DD9409326BD8CE90082BE51 /* ContentView.swift in Sources */ = {isa = PBXBuildFile; fileRef = 4DD9409226BD8CE90082BE51 /* ContentView.swift */; };
		4DD9409526BD8CEC0082BE51 /* Assets.xcassets in Resources */ = {isa = PBXBuildFile; fileRef = 4DD9409426BD8CEC0082BE51 /* Assets.xcassets */; };
		4DD9409826BD8CEC0082BE51 /* Preview Assets.xcassets in Resources */ = {isa = PBXBuildFile; fileRef = 4DD9409726BD8CEC0082BE51 /* Preview Assets.xcassets */; };
		4DD9409B26BD8CEC0082BE51 /* LaunchScreen.storyboard in Resources */ = {isa = PBXBuildFile; fileRef = 4DD9409926BD8CEC0082BE51 /* LaunchScreen.storyboard */; };
		4DD940A026BD8CEC0082BE51 /* PokemonClip.app in Embed App Clips */ = {isa = PBXBuildFile; fileRef = 4DD9408C26BD8CE90082BE51 /* PokemonClip.app */; settings = {ATTRIBUTES = (RemoveHeadersOnCopy, ); }; };
		4DD940AB26BD8DD30082BE51 /* Pokemon.swift in Sources */ = {isa = PBXBuildFile; fileRef = 4DD9405C26BAF48D0082BE51 /* Pokemon.swift */; };
		4DD940AF26BD8DD80082BE51 /* PokemonRow.swift in Sources */ = {isa = PBXBuildFile; fileRef = 4DD9405926BAF2E40082BE51 /* PokemonRow.swift */; };
		4DD940BA26BD8EA40082BE51 /* Assets.xcassets in Resources */ = {isa = PBXBuildFile; fileRef = 4D7BC60B26BADE2400EC78C0 /* Assets.xcassets */; };
/* End PBXBuildFile section */

/* Begin PBXContainerItemProxy section */
		4DD9407726BC406A0082BE51 /* PBXContainerItemProxy */ = {
			isa = PBXContainerItemProxy;
			containerPortal = 4D7BC5FA26BADE2000EC78C0 /* Project object */;
			proxyType = 1;
			remoteGlobalIDString = 4DD9406726BC40680082BE51;
			remoteInfo = PokemonWidgetExtension;
		};
		4DD9409E26BD8CEC0082BE51 /* PBXContainerItemProxy */ = {
			isa = PBXContainerItemProxy;
			containerPortal = 4D7BC5FA26BADE2000EC78C0 /* Project object */;
			proxyType = 1;
			remoteGlobalIDString = 4DD9408B26BD8CE90082BE51;
			remoteInfo = PokemonClip;
		};
/* End PBXContainerItemProxy section */

/* Begin PBXCopyFilesBuildPhase section */
		4DD9407A26BC406A0082BE51 /* Embed App Extensions */ = {
			isa = PBXCopyFilesBuildPhase;
			buildActionMask = 2147483647;
			dstPath = "";
			dstSubfolderSpec = 13;
			files = (
				4DD9407926BC406A0082BE51 /* PokemonWidgetExtension.appex in Embed App Extensions */,
			);
			name = "Embed App Extensions";
			runOnlyForDeploymentPostprocessing = 0;
		};
		4DD940A426BD8CEC0082BE51 /* Embed App Clips */ = {
			isa = PBXCopyFilesBuildPhase;
			buildActionMask = 2147483647;
			dstPath = "$(CONTENTS_FOLDER_PATH)/AppClips";
			dstSubfolderSpec = 16;
			files = (
				4DD940A026BD8CEC0082BE51 /* PokemonClip.app in Embed App Clips */,
			);
			name = "Embed App Clips";
			runOnlyForDeploymentPostprocessing = 0;
		};
/* End PBXCopyFilesBuildPhase section */

/* Begin PBXFileReference section */
		4D7BC60226BADE2000EC78C0 /* SwiftUIExampleApp.app */ = {isa = PBXFileReference; explicitFileType = wrapper.application; includeInIndex = 0; path = SwiftUIExampleApp.app; sourceTree = BUILT_PRODUCTS_DIR; };
		4D7BC60526BADE2000EC78C0 /* AppDelegate.swift */ = {isa = PBXFileReference; lastKnownFileType = sourcecode.swift; path = AppDelegate.swift; sourceTree = "<group>"; };
		4D7BC60726BADE2000EC78C0 /* SceneDelegate.swift */ = {isa = PBXFileReference; lastKnownFileType = sourcecode.swift; path = SceneDelegate.swift; sourceTree = "<group>"; };
		4D7BC60926BADE2000EC78C0 /* PokemonView.swift */ = {isa = PBXFileReference; lastKnownFileType = sourcecode.swift; path = PokemonView.swift; sourceTree = "<group>"; };
		4D7BC60B26BADE2400EC78C0 /* Assets.xcassets */ = {isa = PBXFileReference; lastKnownFileType = folder.assetcatalog; path = Assets.xcassets; sourceTree = "<group>"; };
		4D7BC60E26BADE2400EC78C0 /* Preview Assets.xcassets */ = {isa = PBXFileReference; lastKnownFileType = folder.assetcatalog; path = "Preview Assets.xcassets"; sourceTree = "<group>"; };
		4D7BC61126BADE2400EC78C0 /* Base */ = {isa = PBXFileReference; lastKnownFileType = file.storyboard; name = Base; path = Base.lproj/LaunchScreen.storyboard; sourceTree = "<group>"; };
		4D7BC61326BADE2400EC78C0 /* Info.plist */ = {isa = PBXFileReference; lastKnownFileType = text.plist.xml; path = Info.plist; sourceTree = "<group>"; };
		4DD9405526BAEDD70082BE51 /* PokeStat.swift */ = {isa = PBXFileReference; lastKnownFileType = sourcecode.swift; path = PokeStat.swift; sourceTree = "<group>"; };
		4DD9405926BAF2E40082BE51 /* PokemonRow.swift */ = {isa = PBXFileReference; lastKnownFileType = sourcecode.swift; path = PokemonRow.swift; sourceTree = "<group>"; };
		4DD9405C26BAF48D0082BE51 /* Pokemon.swift */ = {isa = PBXFileReference; lastKnownFileType = sourcecode.swift; path = Pokemon.swift; sourceTree = "<group>"; };
		4DD9405F26BAF7F90082BE51 /* PokemonList.swift */ = {isa = PBXFileReference; lastKnownFileType = sourcecode.swift; path = PokemonList.swift; sourceTree = "<group>"; };
		4DD9406826BC40680082BE51 /* PokemonWidgetExtension.appex */ = {isa = PBXFileReference; explicitFileType = "wrapper.app-extension"; includeInIndex = 0; path = PokemonWidgetExtension.appex; sourceTree = BUILT_PRODUCTS_DIR; };
		4DD9406A26BC40680082BE51 /* WidgetKit.framework */ = {isa = PBXFileReference; lastKnownFileType = wrapper.framework; name = WidgetKit.framework; path = System/Library/Frameworks/WidgetKit.framework; sourceTree = SDKROOT; };
		4DD9406C26BC40680082BE51 /* SwiftUI.framework */ = {isa = PBXFileReference; lastKnownFileType = wrapper.framework; name = SwiftUI.framework; path = System/Library/Frameworks/SwiftUI.framework; sourceTree = SDKROOT; };
		4DD9406F26BC40680082BE51 /* PokemonWidget.swift */ = {isa = PBXFileReference; lastKnownFileType = sourcecode.swift; path = PokemonWidget.swift; sourceTree = "<group>"; };
		4DD9407126BC40680082BE51 /* PokemonWidget.intentdefinition */ = {isa = PBXFileReference; lastKnownFileType = file.intentdefinition; path = PokemonWidget.intentdefinition; sourceTree = "<group>"; };
		4DD9407226BC406A0082BE51 /* Assets.xcassets */ = {isa = PBXFileReference; lastKnownFileType = folder.assetcatalog; path = Assets.xcassets; sourceTree = "<group>"; };
		4DD9407426BC406A0082BE51 /* Info.plist */ = {isa = PBXFileReference; lastKnownFileType = text.plist.xml; path = Info.plist; sourceTree = "<group>"; };
		4DD9408C26BD8CE90082BE51 /* PokemonClip.app */ = {isa = PBXFileReference; explicitFileType = wrapper.application; includeInIndex = 0; path = PokemonClip.app; sourceTree = BUILT_PRODUCTS_DIR; };
		4DD9408E26BD8CE90082BE51 /* AppDelegate.swift */ = {isa = PBXFileReference; lastKnownFileType = sourcecode.swift; path = AppDelegate.swift; sourceTree = "<group>"; };
		4DD9409026BD8CE90082BE51 /* SceneDelegate.swift */ = {isa = PBXFileReference; lastKnownFileType = sourcecode.swift; path = SceneDelegate.swift; sourceTree = "<group>"; };
		4DD9409226BD8CE90082BE51 /* ContentView.swift */ = {isa = PBXFileReference; lastKnownFileType = sourcecode.swift; path = ContentView.swift; sourceTree = "<group>"; };
		4DD9409426BD8CEC0082BE51 /* Assets.xcassets */ = {isa = PBXFileReference; lastKnownFileType = folder.assetcatalog; path = Assets.xcassets; sourceTree = "<group>"; };
		4DD9409726BD8CEC0082BE51 /* Preview Assets.xcassets */ = {isa = PBXFileReference; lastKnownFileType = folder.assetcatalog; path = "Preview Assets.xcassets"; sourceTree = "<group>"; };
		4DD9409A26BD8CEC0082BE51 /* Base */ = {isa = PBXFileReference; lastKnownFileType = file.storyboard; name = Base; path = Base.lproj/LaunchScreen.storyboard; sourceTree = "<group>"; };
		4DD9409C26BD8CEC0082BE51 /* Info.plist */ = {isa = PBXFileReference; lastKnownFileType = text.plist.xml; path = Info.plist; sourceTree = "<group>"; };
		4DD9409D26BD8CEC0082BE51 /* PokemonClip.entitlements */ = {isa = PBXFileReference; lastKnownFileType = text.plist.entitlements; path = PokemonClip.entitlements; sourceTree = "<group>"; };
/* End PBXFileReference section */

/* Begin PBXFrameworksBuildPhase section */
		4D7BC5FF26BADE2000EC78C0 /* Frameworks */ = {
			isa = PBXFrameworksBuildPhase;
			buildActionMask = 2147483647;
			files = (
			);
			runOnlyForDeploymentPostprocessing = 0;
		};
		4DD9406526BC40680082BE51 /* Frameworks */ = {
			isa = PBXFrameworksBuildPhase;
			buildActionMask = 2147483647;
			files = (
				4DD9406D26BC40680082BE51 /* SwiftUI.framework in Frameworks */,
				4DD9406B26BC40680082BE51 /* WidgetKit.framework in Frameworks */,
			);
			runOnlyForDeploymentPostprocessing = 0;
		};
		4DD9408926BD8CE90082BE51 /* Frameworks */ = {
			isa = PBXFrameworksBuildPhase;
			buildActionMask = 2147483647;
			files = (
			);
			runOnlyForDeploymentPostprocessing = 0;
		};
/* End PBXFrameworksBuildPhase section */

/* Begin PBXGroup section */
		4D7BC5F926BADE2000EC78C0 = {
			isa = PBXGroup;
			children = (
				4D7BC60426BADE2000EC78C0 /* SwiftUIExampleApp */,
				4DD9406E26BC40680082BE51 /* PokemonWidget */,
				4DD9408D26BD8CE90082BE51 /* PokemonClip */,
				4DD9406926BC40680082BE51 /* Frameworks */,
				4D7BC60326BADE2000EC78C0 /* Products */,
			);
			sourceTree = "<group>";
		};
		4D7BC60326BADE2000EC78C0 /* Products */ = {
			isa = PBXGroup;
			children = (
				4D7BC60226BADE2000EC78C0 /* SwiftUIExampleApp.app */,
				4DD9406826BC40680082BE51 /* PokemonWidgetExtension.appex */,
				4DD9408C26BD8CE90082BE51 /* PokemonClip.app */,
			);
			name = Products;
			sourceTree = "<group>";
		};
		4D7BC60426BADE2000EC78C0 /* SwiftUIExampleApp */ = {
			isa = PBXGroup;
			children = (
				4D7BC60526BADE2000EC78C0 /* AppDelegate.swift */,
				4D7BC60726BADE2000EC78C0 /* SceneDelegate.swift */,
				4D7BC60926BADE2000EC78C0 /* PokemonView.swift */,
				4DD9405526BAEDD70082BE51 /* PokeStat.swift */,
				4DD9405F26BAF7F90082BE51 /* PokemonList.swift */,
				4DD9405926BAF2E40082BE51 /* PokemonRow.swift */,
				4DD9405C26BAF48D0082BE51 /* Pokemon.swift */,
				4D7BC60B26BADE2400EC78C0 /* Assets.xcassets */,
				4D7BC61026BADE2400EC78C0 /* LaunchScreen.storyboard */,
				4D7BC61326BADE2400EC78C0 /* Info.plist */,
				4D7BC60D26BADE2400EC78C0 /* Preview Content */,
			);
			path = SwiftUIExampleApp;
			sourceTree = "<group>";
		};
		4D7BC60D26BADE2400EC78C0 /* Preview Content */ = {
			isa = PBXGroup;
			children = (
				4D7BC60E26BADE2400EC78C0 /* Preview Assets.xcassets */,
			);
			path = "Preview Content";
			sourceTree = "<group>";
		};
		4DD9406926BC40680082BE51 /* Frameworks */ = {
			isa = PBXGroup;
			children = (
				4DD9406A26BC40680082BE51 /* WidgetKit.framework */,
				4DD9406C26BC40680082BE51 /* SwiftUI.framework */,
			);
			name = Frameworks;
			sourceTree = "<group>";
		};
		4DD9406E26BC40680082BE51 /* PokemonWidget */ = {
			isa = PBXGroup;
			children = (
				4DD9406F26BC40680082BE51 /* PokemonWidget.swift */,
				4DD9407126BC40680082BE51 /* PokemonWidget.intentdefinition */,
				4DD9407226BC406A0082BE51 /* Assets.xcassets */,
				4DD9407426BC406A0082BE51 /* Info.plist */,
			);
			path = PokemonWidget;
			sourceTree = "<group>";
		};
		4DD9408D26BD8CE90082BE51 /* PokemonClip */ = {
			isa = PBXGroup;
			children = (
				4DD9408E26BD8CE90082BE51 /* AppDelegate.swift */,
				4DD9409026BD8CE90082BE51 /* SceneDelegate.swift */,
				4DD9409226BD8CE90082BE51 /* ContentView.swift */,
				4DD9409426BD8CEC0082BE51 /* Assets.xcassets */,
				4DD9409926BD8CEC0082BE51 /* LaunchScreen.storyboard */,
				4DD9409C26BD8CEC0082BE51 /* Info.plist */,
				4DD9409D26BD8CEC0082BE51 /* PokemonClip.entitlements */,
				4DD9409626BD8CEC0082BE51 /* Preview Content */,
			);
			path = PokemonClip;
			sourceTree = "<group>";
		};
		4DD9409626BD8CEC0082BE51 /* Preview Content */ = {
			isa = PBXGroup;
			children = (
				4DD9409726BD8CEC0082BE51 /* Preview Assets.xcassets */,
			);
			path = "Preview Content";
			sourceTree = "<group>";
		};
/* End PBXGroup section */

/* Begin PBXNativeTarget section */
		4D7BC60126BADE2000EC78C0 /* SwiftUIExampleApp */ = {
			isa = PBXNativeTarget;
			buildConfigurationList = 4D7BC61626BADE2400EC78C0 /* Build configuration list for PBXNativeTarget "SwiftUIExampleApp" */;
			buildPhases = (
				4D7BC5FE26BADE2000EC78C0 /* Sources */,
				4D7BC5FF26BADE2000EC78C0 /* Frameworks */,
				4D7BC60026BADE2000EC78C0 /* Resources */,
				4DD9407A26BC406A0082BE51 /* Embed App Extensions */,
				4DD940A426BD8CEC0082BE51 /* Embed App Clips */,
			);
			buildRules = (
			);
			dependencies = (
				4DD9407826BC406A0082BE51 /* PBXTargetDependency */,
				4DD9409F26BD8CEC0082BE51 /* PBXTargetDependency */,
			);
			name = SwiftUIExampleApp;
			productName = SwiftUIExampleApp;
			productReference = 4D7BC60226BADE2000EC78C0 /* SwiftUIExampleApp.app */;
			productType = "com.apple.product-type.application";
		};
		4DD9406726BC40680082BE51 /* PokemonWidgetExtension */ = {
			isa = PBXNativeTarget;
			buildConfigurationList = 4DD9407D26BC406A0082BE51 /* Build configuration list for PBXNativeTarget "PokemonWidgetExtension" */;
			buildPhases = (
				4DD9406426BC40680082BE51 /* Sources */,
				4DD9406526BC40680082BE51 /* Frameworks */,
				4DD9406626BC40680082BE51 /* Resources */,
			);
			buildRules = (
			);
			dependencies = (
			);
			name = PokemonWidgetExtension;
			productName = PokemonWidgetExtension;
			productReference = 4DD9406826BC40680082BE51 /* PokemonWidgetExtension.appex */;
			productType = "com.apple.product-type.app-extension";
		};
		4DD9408B26BD8CE90082BE51 /* PokemonClip */ = {
			isa = PBXNativeTarget;
			buildConfigurationList = 4DD940A126BD8CEC0082BE51 /* Build configuration list for PBXNativeTarget "PokemonClip" */;
			buildPhases = (
				4DD9408826BD8CE90082BE51 /* Sources */,
				4DD9408926BD8CE90082BE51 /* Frameworks */,
				4DD9408A26BD8CE90082BE51 /* Resources */,
			);
			buildRules = (
			);
			dependencies = (
			);
			name = PokemonClip;
			productName = PokemonClip;
			productReference = 4DD9408C26BD8CE90082BE51 /* PokemonClip.app */;
			productType = "com.apple.product-type.application.on-demand-install-capable";
		};
/* End PBXNativeTarget section */

/* Begin PBXProject section */
		4D7BC5FA26BADE2000EC78C0 /* Project object */ = {
			isa = PBXProject;
			attributes = {
				LastSwiftUpdateCheck = 1240;
				LastUpgradeCheck = 1240;
				TargetAttributes = {
					4D7BC60126BADE2000EC78C0 = {
						CreatedOnToolsVersion = 12.4;
					};
					4DD9406726BC40680082BE51 = {
						CreatedOnToolsVersion = 12.4;
					};
					4DD9408B26BD8CE90082BE51 = {
						CreatedOnToolsVersion = 12.4;
					};
				};
			};
			buildConfigurationList = 4D7BC5FD26BADE2000EC78C0 /* Build configuration list for PBXProject "SwiftUIExampleApp" */;
			compatibilityVersion = "Xcode 9.3";
			developmentRegion = en;
			hasScannedForEncodings = 0;
			knownRegions = (
				en,
				Base,
			);
			mainGroup = 4D7BC5F926BADE2000EC78C0;
			productRefGroup = 4D7BC60326BADE2000EC78C0 /* Products */;
			projectDirPath = "";
			projectRoot = "";
			targets = (
				4D7BC60126BADE2000EC78C0 /* SwiftUIExampleApp */,
				4DD9406726BC40680082BE51 /* PokemonWidgetExtension */,
				4DD9408B26BD8CE90082BE51 /* PokemonClip */,
			);
		};
/* End PBXProject section */

/* Begin PBXResourcesBuildPhase section */
		4D7BC60026BADE2000EC78C0 /* Resources */ = {
			isa = PBXResourcesBuildPhase;
			buildActionMask = 2147483647;
			files = (
				4D7BC61226BADE2400EC78C0 /* LaunchScreen.storyboard in Resources */,
				4D7BC60F26BADE2400EC78C0 /* Preview Assets.xcassets in Resources */,
				4D7BC60C26BADE2400EC78C0 /* Assets.xcassets in Resources */,
			);
			runOnlyForDeploymentPostprocessing = 0;
		};
		4DD9406626BC40680082BE51 /* Resources */ = {
			isa = PBXResourcesBuildPhase;
			buildActionMask = 2147483647;
			files = (
				4DD9408526BC48870082BE51 /* Assets.xcassets in Resources */,
				4DD9407326BC406A0082BE51 /* Assets.xcassets in Resources */,
			);
			runOnlyForDeploymentPostprocessing = 0;
		};
		4DD9408A26BD8CE90082BE51 /* Resources */ = {
			isa = PBXResourcesBuildPhase;
			buildActionMask = 2147483647;
			files = (
				4DD9409B26BD8CEC0082BE51 /* LaunchScreen.storyboard in Resources */,
				4DD9409826BD8CEC0082BE51 /* Preview Assets.xcassets in Resources */,
				4DD940BA26BD8EA40082BE51 /* Assets.xcassets in Resources */,
				4DD9409526BD8CEC0082BE51 /* Assets.xcassets in Resources */,
			);
			runOnlyForDeploymentPostprocessing = 0;
		};
/* End PBXResourcesBuildPhase section */

/* Begin PBXSourcesBuildPhase section */
		4D7BC5FE26BADE2000EC78C0 /* Sources */ = {
			isa = PBXSourcesBuildPhase;
			buildActionMask = 2147483647;
			files = (
				4DD9405626BAEDD70082BE51 /* PokeStat.swift in Sources */,
				4DD9405A26BAF2E40082BE51 /* PokemonRow.swift in Sources */,
				4D7BC60626BADE2000EC78C0 /* AppDelegate.swift in Sources */,
				4D7BC60826BADE2000EC78C0 /* SceneDelegate.swift in Sources */,
				4DD9407626BC406A0082BE51 /* PokemonWidget.intentdefinition in Sources */,
				4DD9406026BAF7F90082BE51 /* PokemonList.swift in Sources */,
				4D7BC60A26BADE2000EC78C0 /* PokemonView.swift in Sources */,
				4DD9405D26BAF48D0082BE51 /* Pokemon.swift in Sources */,
			);
			runOnlyForDeploymentPostprocessing = 0;
		};
		4DD9406426BC40680082BE51 /* Sources */ = {
			isa = PBXSourcesBuildPhase;
			buildActionMask = 2147483647;
			files = (
				4DD9407526BC406A0082BE51 /* PokemonWidget.intentdefinition in Sources */,
				4DD9407026BC40680082BE51 /* PokemonWidget.swift in Sources */,
				4DD9408226BC44F90082BE51 /* Pokemon.swift in Sources */,
			);
			runOnlyForDeploymentPostprocessing = 0;
		};
		4DD9408826BD8CE90082BE51 /* Sources */ = {
			isa = PBXSourcesBuildPhase;
			buildActionMask = 2147483647;
			files = (
				4DD9408F26BD8CE90082BE51 /* AppDelegate.swift in Sources */,
				4DD940AF26BD8DD80082BE51 /* PokemonRow.swift in Sources */,
				4DD940AB26BD8DD30082BE51 /* Pokemon.swift in Sources */,
				4DD9409126BD8CE90082BE51 /* SceneDelegate.swift in Sources */,
				4DD9409326BD8CE90082BE51 /* ContentView.swift in Sources */,
			);
			runOnlyForDeploymentPostprocessing = 0;
		};
/* End PBXSourcesBuildPhase section */

/* Begin PBXTargetDependency section */
		4DD9407826BC406A0082BE51 /* PBXTargetDependency */ = {
			isa = PBXTargetDependency;
			target = 4DD9406726BC40680082BE51 /* PokemonWidgetExtension */;
			targetProxy = 4DD9407726BC406A0082BE51 /* PBXContainerItemProxy */;
		};
		4DD9409F26BD8CEC0082BE51 /* PBXTargetDependency */ = {
			isa = PBXTargetDependency;
			target = 4DD9408B26BD8CE90082BE51 /* PokemonClip */;
			targetProxy = 4DD9409E26BD8CEC0082BE51 /* PBXContainerItemProxy */;
		};
/* End PBXTargetDependency section */

/* Begin PBXVariantGroup section */
		4D7BC61026BADE2400EC78C0 /* LaunchScreen.storyboard */ = {
			isa = PBXVariantGroup;
			children = (
				4D7BC61126BADE2400EC78C0 /* Base */,
			);
			name = LaunchScreen.storyboard;
			sourceTree = "<group>";
		};
		4DD9409926BD8CEC0082BE51 /* LaunchScreen.storyboard */ = {
			isa = PBXVariantGroup;
			children = (
				4DD9409A26BD8CEC0082BE51 /* Base */,
			);
			name = LaunchScreen.storyboard;
			sourceTree = "<group>";
		};
/* End PBXVariantGroup section */

/* Begin XCBuildConfiguration section */
		4D7BC61426BADE2400EC78C0 /* Debug */ = {
			isa = XCBuildConfiguration;
			buildSettings = {
				ALWAYS_SEARCH_USER_PATHS = NO;
				CLANG_ANALYZER_NONNULL = YES;
				CLANG_ANALYZER_NUMBER_OBJECT_CONVERSION = YES_AGGRESSIVE;
				CLANG_CXX_LANGUAGE_STANDARD = "gnu++14";
				CLANG_CXX_LIBRARY = "libc++";
				CLANG_ENABLE_MODULES = YES;
				CLANG_ENABLE_OBJC_ARC = YES;
				CLANG_ENABLE_OBJC_WEAK = YES;
				CLANG_WARN_BLOCK_CAPTURE_AUTORELEASING = YES;
				CLANG_WARN_BOOL_CONVERSION = YES;
				CLANG_WARN_COMMA = YES;
				CLANG_WARN_CONSTANT_CONVERSION = YES;
				CLANG_WARN_DEPRECATED_OBJC_IMPLEMENTATIONS = YES;
				CLANG_WARN_DIRECT_OBJC_ISA_USAGE = YES_ERROR;
				CLANG_WARN_DOCUMENTATION_COMMENTS = YES;
				CLANG_WARN_EMPTY_BODY = YES;
				CLANG_WARN_ENUM_CONVERSION = YES;
				CLANG_WARN_INFINITE_RECURSION = YES;
				CLANG_WARN_INT_CONVERSION = YES;
				CLANG_WARN_NON_LITERAL_NULL_CONVERSION = YES;
				CLANG_WARN_OBJC_IMPLICIT_RETAIN_SELF = YES;
				CLANG_WARN_OBJC_LITERAL_CONVERSION = YES;
				CLANG_WARN_OBJC_ROOT_CLASS = YES_ERROR;
				CLANG_WARN_QUOTED_INCLUDE_IN_FRAMEWORK_HEADER = YES;
				CLANG_WARN_RANGE_LOOP_ANALYSIS = YES;
				CLANG_WARN_STRICT_PROTOTYPES = YES;
				CLANG_WARN_SUSPICIOUS_MOVE = YES;
				CLANG_WARN_UNGUARDED_AVAILABILITY = YES_AGGRESSIVE;
				CLANG_WARN_UNREACHABLE_CODE = YES;
				CLANG_WARN__DUPLICATE_METHOD_MATCH = YES;
				COPY_PHASE_STRIP = NO;
				DEBUG_INFORMATION_FORMAT = dwarf;
				ENABLE_STRICT_OBJC_MSGSEND = YES;
				ENABLE_TESTABILITY = YES;
				GCC_C_LANGUAGE_STANDARD = gnu11;
				GCC_DYNAMIC_NO_PIC = NO;
				GCC_NO_COMMON_BLOCKS = YES;
				GCC_OPTIMIZATION_LEVEL = 0;
				GCC_PREPROCESSOR_DEFINITIONS = (
					"DEBUG=1",
					"$(inherited)",
				);
				GCC_WARN_64_TO_32_BIT_CONVERSION = YES;
				GCC_WARN_ABOUT_RETURN_TYPE = YES_ERROR;
				GCC_WARN_UNDECLARED_SELECTOR = YES;
				GCC_WARN_UNINITIALIZED_AUTOS = YES_AGGRESSIVE;
				GCC_WARN_UNUSED_FUNCTION = YES;
				GCC_WARN_UNUSED_VARIABLE = YES;
				IPHONEOS_DEPLOYMENT_TARGET = 14.4;
				MTL_ENABLE_DEBUG_INFO = INCLUDE_SOURCE;
				MTL_FAST_MATH = YES;
				ONLY_ACTIVE_ARCH = YES;
				SDKROOT = iphoneos;
				SWIFT_ACTIVE_COMPILATION_CONDITIONS = DEBUG;
				SWIFT_OPTIMIZATION_LEVEL = "-Onone";
			};
			name = Debug;
		};
		4D7BC61526BADE2400EC78C0 /* Release */ = {
			isa = XCBuildConfiguration;
			buildSettings = {
				ALWAYS_SEARCH_USER_PATHS = NO;
				CLANG_ANALYZER_NONNULL = YES;
				CLANG_ANALYZER_NUMBER_OBJECT_CONVERSION = YES_AGGRESSIVE;
				CLANG_CXX_LANGUAGE_STANDARD = "gnu++14";
				CLANG_CXX_LIBRARY = "libc++";
				CLANG_ENABLE_MODULES = YES;
				CLANG_ENABLE_OBJC_ARC = YES;
				CLANG_ENABLE_OBJC_WEAK = YES;
				CLANG_WARN_BLOCK_CAPTURE_AUTORELEASING = YES;
				CLANG_WARN_BOOL_CONVERSION = YES;
				CLANG_WARN_COMMA = YES;
				CLANG_WARN_CONSTANT_CONVERSION = YES;
				CLANG_WARN_DEPRECATED_OBJC_IMPLEMENTATIONS = YES;
				CLANG_WARN_DIRECT_OBJC_ISA_USAGE = YES_ERROR;
				CLANG_WARN_DOCUMENTATION_COMMENTS = YES;
				CLANG_WARN_EMPTY_BODY = YES;
				CLANG_WARN_ENUM_CONVERSION = YES;
				CLANG_WARN_INFINITE_RECURSION = YES;
				CLANG_WARN_INT_CONVERSION = YES;
				CLANG_WARN_NON_LITERAL_NULL_CONVERSION = YES;
				CLANG_WARN_OBJC_IMPLICIT_RETAIN_SELF = YES;
				CLANG_WARN_OBJC_LITERAL_CONVERSION = YES;
				CLANG_WARN_OBJC_ROOT_CLASS = YES_ERROR;
				CLANG_WARN_QUOTED_INCLUDE_IN_FRAMEWORK_HEADER = YES;
				CLANG_WARN_RANGE_LOOP_ANALYSIS = YES;
				CLANG_WARN_STRICT_PROTOTYPES = YES;
				CLANG_WARN_SUSPICIOUS_MOVE = YES;
				CLANG_WARN_UNGUARDED_AVAILABILITY = YES_AGGRESSIVE;
				CLANG_WARN_UNREACHABLE_CODE = YES;
				CLANG_WARN__DUPLICATE_METHOD_MATCH = YES;
				COPY_PHASE_STRIP = NO;
				DEBUG_INFORMATION_FORMAT = "dwarf-with-dsym";
				ENABLE_NS_ASSERTIONS = NO;
				ENABLE_STRICT_OBJC_MSGSEND = YES;
				GCC_C_LANGUAGE_STANDARD = gnu11;
				GCC_NO_COMMON_BLOCKS = YES;
				GCC_WARN_64_TO_32_BIT_CONVERSION = YES;
				GCC_WARN_ABOUT_RETURN_TYPE = YES_ERROR;
				GCC_WARN_UNDECLARED_SELECTOR = YES;
				GCC_WARN_UNINITIALIZED_AUTOS = YES_AGGRESSIVE;
				GCC_WARN_UNUSED_FUNCTION = YES;
				GCC_WARN_UNUSED_VARIABLE = YES;
				IPHONEOS_DEPLOYMENT_TARGET = 14.4;
				MTL_ENABLE_DEBUG_INFO = NO;
				MTL_FAST_MATH = YES;
				SDKROOT = iphoneos;
				SWIFT_COMPILATION_MODE = wholemodule;
				SWIFT_OPTIMIZATION_LEVEL = "-O";
				VALIDATE_PRODUCT = YES;
			};
			name = Release;
		};
		4D7BC61726BADE2400EC78C0 /* Debug */ = {
			isa = XCBuildConfiguration;
			buildSettings = {
				ALWAYS_EMBED_SWIFT_STANDARD_LIBRARIES = YES;
				ASSETCATALOG_COMPILER_APPICON_NAME = AppIcon;
				ASSETCATALOG_COMPILER_GLOBAL_ACCENT_COLOR_NAME = AccentColor;
				CODE_SIGN_STYLE = Automatic;
				DEVELOPMENT_ASSET_PATHS = "\"SwiftUIExampleApp/Preview Content\"";
				DEVELOPMENT_TEAM = 4LRDV72ARX;
				ENABLE_PREVIEWS = YES;
				INFOPLIST_FILE = SwiftUIExampleApp/Info.plist;
				LD_RUNPATH_SEARCH_PATHS = (
					"$(inherited)",
					"@executable_path/Frameworks",
				);
				PRODUCT_BUNDLE_IDENTIFIER = com.santiago.SwiftUIExampleApp;
				PRODUCT_NAME = "$(TARGET_NAME)";
				SWIFT_VERSION = 5.0;
				TARGETED_DEVICE_FAMILY = "1,2";
			};
			name = Debug;
		};
		4D7BC61826BADE2400EC78C0 /* Release */ = {
			isa = XCBuildConfiguration;
			buildSettings = {
				ALWAYS_EMBED_SWIFT_STANDARD_LIBRARIES = YES;
				ASSETCATALOG_COMPILER_APPICON_NAME = AppIcon;
				ASSETCATALOG_COMPILER_GLOBAL_ACCENT_COLOR_NAME = AccentColor;
				CODE_SIGN_STYLE = Automatic;
				DEVELOPMENT_ASSET_PATHS = "\"SwiftUIExampleApp/Preview Content\"";
				DEVELOPMENT_TEAM = 4LRDV72ARX;
				ENABLE_PREVIEWS = YES;
				INFOPLIST_FILE = SwiftUIExampleApp/Info.plist;
				LD_RUNPATH_SEARCH_PATHS = (
					"$(inherited)",
					"@executable_path/Frameworks",
				);
				PRODUCT_BUNDLE_IDENTIFIER = com.santiago.SwiftUIExampleApp;
				PRODUCT_NAME = "$(TARGET_NAME)";
				SWIFT_VERSION = 5.0;
				TARGETED_DEVICE_FAMILY = "1,2";
			};
			name = Release;
		};
		4DD9407B26BC406A0082BE51 /* Debug */ = {
			isa = XCBuildConfiguration;
			buildSettings = {
				ASSETCATALOG_COMPILER_GLOBAL_ACCENT_COLOR_NAME = AccentColor;
				ASSETCATALOG_COMPILER_WIDGET_BACKGROUND_COLOR_NAME = WidgetBackground;
				CODE_SIGN_STYLE = Automatic;
				DEVELOPMENT_TEAM = 4LRDV72ARX;
				INFOPLIST_FILE = PokemonWidget/Info.plist;
				LD_RUNPATH_SEARCH_PATHS = (
					"$(inherited)",
					"@executable_path/Frameworks",
					"@executable_path/../../Frameworks",
				);
				PRODUCT_BUNDLE_IDENTIFIER = com.santiago.SwiftUIExampleApp.PokemonWidget;
				PRODUCT_NAME = "$(TARGET_NAME)";
				SKIP_INSTALL = YES;
				SWIFT_VERSION = 5.0;
				TARGETED_DEVICE_FAMILY = "1,2";
			};
			name = Debug;
		};
		4DD9407C26BC406A0082BE51 /* Release */ = {
			isa = XCBuildConfiguration;
			buildSettings = {
				ASSETCATALOG_COMPILER_GLOBAL_ACCENT_COLOR_NAME = AccentColor;
				ASSETCATALOG_COMPILER_WIDGET_BACKGROUND_COLOR_NAME = WidgetBackground;
				CODE_SIGN_STYLE = Automatic;
				DEVELOPMENT_TEAM = 4LRDV72ARX;
				INFOPLIST_FILE = PokemonWidget/Info.plist;
				LD_RUNPATH_SEARCH_PATHS = (
					"$(inherited)",
					"@executable_path/Frameworks",
					"@executable_path/../../Frameworks",
				);
				PRODUCT_BUNDLE_IDENTIFIER = com.santiago.SwiftUIExampleApp.PokemonWidget;
				PRODUCT_NAME = "$(TARGET_NAME)";
				SKIP_INSTALL = YES;
				SWIFT_VERSION = 5.0;
				TARGETED_DEVICE_FAMILY = "1,2";
			};
			name = Release;
		};
		4DD940A226BD8CEC0082BE51 /* Debug */ = {
			isa = XCBuildConfiguration;
			buildSettings = {
				ASSETCATALOG_COMPILER_APPICON_NAME = AppIcon;
				ASSETCATALOG_COMPILER_GLOBAL_ACCENT_COLOR_NAME = AccentColor;
				CODE_SIGN_ENTITLEMENTS = PokemonClip/PokemonClip.entitlements;
				CODE_SIGN_STYLE = Automatic;
				DEVELOPMENT_ASSET_PATHS = "\"PokemonClip/Preview Content\"";
				DEVELOPMENT_TEAM = 4LRDV72ARX;
				ENABLE_PREVIEWS = YES;
				INFOPLIST_FILE = PokemonClip/Info.plist;
				LD_RUNPATH_SEARCH_PATHS = (
					"$(inherited)",
					"@executable_path/Frameworks",
				);
				PRODUCT_BUNDLE_IDENTIFIER = com.santiago.SwiftUIExampleApp.Clip;
				PRODUCT_NAME = "$(TARGET_NAME)";
				SWIFT_VERSION = 5.0;
				TARGETED_DEVICE_FAMILY = "1,2";
			};
			name = Debug;
		};
		4DD940A326BD8CEC0082BE51 /* Release */ = {
			isa = XCBuildConfiguration;
			buildSettings = {
				ASSETCATALOG_COMPILER_APPICON_NAME = AppIcon;
				ASSETCATALOG_COMPILER_GLOBAL_ACCENT_COLOR_NAME = AccentColor;
				CODE_SIGN_ENTITLEMENTS = PokemonClip/PokemonClip.entitlements;
				CODE_SIGN_STYLE = Automatic;
				DEVELOPMENT_ASSET_PATHS = "\"PokemonClip/Preview Content\"";
				DEVELOPMENT_TEAM = 4LRDV72ARX;
				ENABLE_PREVIEWS = YES;
				INFOPLIST_FILE = PokemonClip/Info.plist;
				LD_RUNPATH_SEARCH_PATHS = (
					"$(inherited)",
					"@executable_path/Frameworks",
				);
				PRODUCT_BUNDLE_IDENTIFIER = com.santiago.SwiftUIExampleApp.Clip;
				PRODUCT_NAME = "$(TARGET_NAME)";
				SWIFT_VERSION = 5.0;
				TARGETED_DEVICE_FAMILY = "1,2";
			};
			name = Release;
		};
/* End XCBuildConfiguration section */

/* Begin XCConfigurationList section */
		4D7BC5FD26BADE2000EC78C0 /* Build configuration list for PBXProject "SwiftUIExampleApp" */ = {
			isa = XCConfigurationList;
			buildConfigurations = (
				4D7BC61426BADE2400EC78C0 /* Debug */,
				4D7BC61526BADE2400EC78C0 /* Release */,
			);
			defaultConfigurationIsVisible = 0;
			defaultConfigurationName = Release;
		};
		4D7BC61626BADE2400EC78C0 /* Build configuration list for PBXNativeTarget "SwiftUIExampleApp" */ = {
			isa = XCConfigurationList;
			buildConfigurations = (
				4D7BC61726BADE2400EC78C0 /* Debug */,
				4D7BC61826BADE2400EC78C0 /* Release */,
			);
			defaultConfigurationIsVisible = 0;
			defaultConfigurationName = Release;
		};
		4DD9407D26BC406A0082BE51 /* Build configuration list for PBXNativeTarget "PokemonWidgetExtension" */ = {
			isa = XCConfigurationList;
			buildConfigurations = (
				4DD9407B26BC406A0082BE51 /* Debug */,
				4DD9407C26BC406A0082BE51 /* Release */,
			);
			defaultConfigurationIsVisible = 0;
			defaultConfigurationName = Release;
		};
		4DD940A126BD8CEC0082BE51 /* Build configuration list for PBXNativeTarget "PokemonClip" */ = {
			isa = XCConfigurationList;
			buildConfigurations = (
				4DD940A226BD8CEC0082BE51 /* Debug */,
				4DD940A326BD8CEC0082BE51 /* Release */,
			);
			defaultConfigurationIsVisible = 0;
			defaultConfigurationName = Release;
		};
/* End XCConfigurationList section */
	};
	rootObject = 4D7BC5FA26BADE2000EC78C0 /* Project object */;
}
